
Microsoft Visual Studio Solution File, Format Version 12.00
# Visual Studio Version 16
VisualStudioVersion = 16.0.34301.259
MinimumVisualStudioVersion = 10.0.40219.1
Project("{FAE04EC0-301F-11D3-BF4B-00C04F79EFBC}") = "processTrackerBackend", "processTrackerBackend\processTrackerBackend.csproj", "{9F7BA792-2372-4CFE-8DB0-E53F696961AD}"
EndProject
Project("{FAE04EC0-301F-11D3-BF4B-00C04F79EFBC}") = "DAT", "DAT\DAT.csproj", "{D359CF70-B2B6-425E-A047-7BF383DAB7D1}"
EndProject
Project("{FAE04EC0-301F-11D3-BF4B-00C04F79EFBC}") = "DTO", "DTO\DTO.csproj", "{1210E32F-4BB4-4D4D-99ED-839A66FEC46F}"
EndProject
Project("{FAE04EC0-301F-11D3-BF4B-00C04F79EFBC}") = "Utility", "Utility\Utility.csproj", "{C4AE53E9-911F-4798-8AB8-201EE04F93AB}"
EndProject
Global
	GlobalSection(SolutionConfigurationPlatforms) = preSolution
		Debug|Any CPU = Debug|Any CPU
		Release|Any CPU = Release|Any CPU
	EndGlobalSection
	GlobalSection(ProjectConfigurationPlatforms) = postSolution
		{9F7BA792-2372-4CFE-8DB0-E53F696961AD}.Debug|Any CPU.ActiveCfg = Debug|Any CPU
		{9F7BA792-2372-4CFE-8DB0-E53F696961AD}.Debug|Any CPU.Build.0 = Debug|Any CPU
		{9F7BA792-2372-4CFE-8DB0-E53F696961AD}.Release|Any CPU.ActiveCfg = Release|Any CPU
		{9F7BA792-2372-4CFE-8DB0-E53F696961AD}.Release|Any CPU.Build.0 = Release|Any CPU
		{D359CF70-B2B6-425E-A047-7BF383DAB7D1}.Debug|Any CPU.ActiveCfg = Debug|Any CPU
		{D359CF70-B2B6-425E-A047-7BF383DAB7D1}.Debug|Any CPU.Build.0 = Debug|Any CPU
		{D359CF70-B2B6-425E-A047-7BF383DAB7D1}.Release|Any CPU.ActiveCfg = Release|Any CPU
		{D359CF70-B2B6-425E-A047-7BF383DAB7D1}.Release|Any CPU.Build.0 = Release|Any CPU
		{1210E32F-4BB4-4D4D-99ED-839A66FEC46F}.Debug|Any CPU.ActiveCfg = Debug|Any CPU
		{1210E32F-4BB4-4D4D-99ED-839A66FEC46F}.Debug|Any CPU.Build.0 = Debug|Any CPU
		{1210E32F-4BB4-4D4D-99ED-839A66FEC46F}.Release|Any CPU.ActiveCfg = Release|Any CPU
		{1210E32F-4BB4-4D4D-99ED-839A66FEC46F}.Release|Any CPU.Build.0 = Release|Any CPU
		{C4AE53E9-911F-4798-8AB8-201EE04F93AB}.Debug|Any CPU.ActiveCfg = Debug|Any CPU
		{C4AE53E9-911F-4798-8AB8-201EE04F93AB}.Debug|Any CPU.Build.0 = Debug|Any CPU
		{C4AE53E9-911F-4798-8AB8-201EE04F93AB}.Release|Any CPU.ActiveCfg = Release|Any CPU
		{C4AE53E9-911F-4798-8AB8-201EE04F93AB}.Release|Any CPU.Build.0 = Release|Any CPU
	EndGlobalSection
	GlobalSection(SolutionProperties) = preSolution
		HideSolutionNode = FALSE
	EndGlobalSection
	GlobalSection(ExtensibilityGlobals) = postSolution
		SolutionGuid = {B76E9034-00B1-4952-95C0-45E383A8559F}
	EndGlobalSection
EndGlobal
